
Microsoft Visual Studio Solution File, Format Version 12.00
# Visual Studio Version 17
VisualStudioVersion = 17.5.002.0
MinimumVisualStudioVersion = 10.0.40219.1
Project("{9A19103F-16F7-4668-BE54-9A1E7A4F7556}") = "DemoStorageQueue", "DemoStorageQueue.csproj", "{2687E466-EB2E-4463-BA67-BC2345D9EBED}"
EndProject
Global
	GlobalSection(SolutionConfigurationPlatforms) = preSolution
		Debug|Any CPU = Debug|Any CPU
		Release|Any CPU = Release|Any CPU
	EndGlobalSection
	GlobalSection(ProjectConfigurationPlatforms) = postSolution
		{2687E466-EB2E-4463-BA67-BC2345D9EBED}.Debug|Any CPU.ActiveCfg = Debug|Any CPU
		{2687E466-EB2E-4463-BA67-BC2345D9EBED}.Debug|Any CPU.Build.0 = Debug|Any CPU
		{2687E466-EB2E-4463-BA67-BC2345D9EBED}.Release|Any CPU.ActiveCfg = Release|Any CPU
		{2687E466-EB2E-4463-BA67-BC2345D9EBED}.Release|Any CPU.Build.0 = Release|Any CPU
	EndGlobalSection
	GlobalSection(SolutionProperties) = preSolution
		HideSolutionNode = FALSE
	EndGlobalSection
	GlobalSection(ExtensibilityGlobals) = postSolution
		SolutionGuid = {E1959710-0E93-499B-A92B-848E15A9DB9E}
	EndGlobalSection
EndGlobal
